
Microsoft Visual Studio Solution File, Format Version 12.00
# Visual Studio Version 17
VisualStudioVersion = 17.11.35431.28
MinimumVisualStudioVersion = 10.0.40219.1
Project("{FAE04EC0-301F-11D3-BF4B-00C04F79EFBC}") = "MyShoppingAPI", "MyShoppingAPI\MyShoppingAPI.csproj", "{AB07CF27-129C-499C-B0FF-31D54EF95048}"
EndProject
Project("{FAE04EC0-301F-11D3-BF4B-00C04F79EFBC}") = "MyShoppingEntity", "MyShoppingEntity\MyShoppingEntity.csproj", "{20308A3E-0D2D-4431-9883-FA79E184A040}"
EndProject
Project("{FAE04EC0-301F-11D3-BF4B-00C04F79EFBC}") = "MyShoppingRepository", "MyShoppingRepository\MyShoppingRepository.csproj", "{F9B11E11-8AE5-463A-98D1-3F35C3721A19}"
EndProject
Project("{FAE04EC0-301F-11D3-BF4B-00C04F79EFBC}") = "MyShoppingService", "MyShoppingService\MyShoppingService.csproj", "{9DB574EC-5458-4257-9164-0646DB88FE3D}"
EndProject
Global
	GlobalSection(SolutionConfigurationPlatforms) = preSolution
		Debug|Any CPU = Debug|Any CPU
		Release|Any CPU = Release|Any CPU
	EndGlobalSection
	GlobalSection(ProjectConfigurationPlatforms) = postSolution
		{AB07CF27-129C-499C-B0FF-31D54EF95048}.Debug|Any CPU.ActiveCfg = Debug|Any CPU
		{AB07CF27-129C-499C-B0FF-31D54EF95048}.Debug|Any CPU.Build.0 = Debug|Any CPU
		{AB07CF27-129C-499C-B0FF-31D54EF95048}.Release|Any CPU.ActiveCfg = Release|Any CPU
		{AB07CF27-129C-499C-B0FF-31D54EF95048}.Release|Any CPU.Build.0 = Release|Any CPU
		{20308A3E-0D2D-4431-9883-FA79E184A040}.Debug|Any CPU.ActiveCfg = Debug|Any CPU
		{20308A3E-0D2D-4431-9883-FA79E184A040}.Debug|Any CPU.Build.0 = Debug|Any CPU
		{20308A3E-0D2D-4431-9883-FA79E184A040}.Release|Any CPU.ActiveCfg = Release|Any CPU
		{20308A3E-0D2D-4431-9883-FA79E184A040}.Release|Any CPU.Build.0 = Release|Any CPU
		{F9B11E11-8AE5-463A-98D1-3F35C3721A19}.Debug|Any CPU.ActiveCfg = Debug|Any CPU
		{F9B11E11-8AE5-463A-98D1-3F35C3721A19}.Debug|Any CPU.Build.0 = Debug|Any CPU
		{F9B11E11-8AE5-463A-98D1-3F35C3721A19}.Release|Any CPU.ActiveCfg = Release|Any CPU
		{F9B11E11-8AE5-463A-98D1-3F35C3721A19}.Release|Any CPU.Build.0 = Release|Any CPU
		{9DB574EC-5458-4257-9164-0646DB88FE3D}.Debug|Any CPU.ActiveCfg = Debug|Any CPU
		{9DB574EC-5458-4257-9164-0646DB88FE3D}.Debug|Any CPU.Build.0 = Debug|Any CPU
		{9DB574EC-5458-4257-9164-0646DB88FE3D}.Release|Any CPU.ActiveCfg = Release|Any CPU
		{9DB574EC-5458-4257-9164-0646DB88FE3D}.Release|Any CPU.Build.0 = Release|Any CPU
	EndGlobalSection
	GlobalSection(SolutionProperties) = preSolution
		HideSolutionNode = FALSE
	EndGlobalSection
	GlobalSection(ExtensibilityGlobals) = postSolution
		SolutionGuid = {A3231CA1-956F-494D-9FA9-7B8431BAF5E8}
	EndGlobalSection
EndGlobal
